{
  "requires": true,
  "lockfileVersion": 1,
  "dependencies": {
    "bowser": {
      "version": "2.13.1",
      "resolved": "https://registry.npmjs.org/bowser/-/bowser-2.13.1.tgz",
      "integrity": "sha512-OHawaAbjwx6rqICCKgSG0SAnT05bzd7ppyKLVUITZpANBaaMFBAsaNkto3LoQ31tyFP5kNujE8Cdx85G9VzOkw=="
    }
  }
}
